
Microsoft Visual Studio Solution File, Format Version 12.00
# Visual Studio Version 16
VisualStudioVersion = 16.0.32106.194
MinimumVisualStudioVersion = 10.0.40219.1
Project("{FAE04EC0-301F-11D3-BF4B-00C04F79EFBC}") = "Villa", "Villa\Villa.csproj", "{951C513F-7CF0-4EC1-B281-7D7BD65ACBDF}"
EndProject
Global
	GlobalSection(SolutionConfigurationPlatforms) = preSolution
		Debug|Any CPU = Debug|Any CPU
		Release|Any CPU = Release|Any CPU
	EndGlobalSection
	GlobalSection(ProjectConfigurationPlatforms) = postSolution
		{951C513F-7CF0-4EC1-B281-7D7BD65ACBDF}.Debug|Any CPU.ActiveCfg = Debug|Any CPU
		{951C513F-7CF0-4EC1-B281-7D7BD65ACBDF}.Debug|Any CPU.Build.0 = Debug|Any CPU
		{951C513F-7CF0-4EC1-B281-7D7BD65ACBDF}.Release|Any CPU.ActiveCfg = Release|Any CPU
		{951C513F-7CF0-4EC1-B281-7D7BD65ACBDF}.Release|Any CPU.Build.0 = Release|Any CPU
	EndGlobalSection
	GlobalSection(SolutionProperties) = preSolution
		HideSolutionNode = FALSE
	EndGlobalSection
	GlobalSection(ExtensibilityGlobals) = postSolution
		SolutionGuid = {8A064C85-56BC-4237-A173-A170CCD9900A}
	EndGlobalSection
EndGlobal
